
Microsoft Visual Studio Solution File, Format Version 12.00
# Visual Studio 15
VisualStudioVersion = 15.0.28307.572
MinimumVisualStudioVersion = 10.0.40219.1
Project("{FAE04EC0-301F-11D3-BF4B-00C04F79EFBC}") = "Medialib_proj", "Medialib_proj\Medialib_proj.csproj", "{E5170EE8-82DF-4FC0-917D-312A4A5B74DA}"
EndProject
Global
	GlobalSection(SolutionConfigurationPlatforms) = preSolution
		Debug|Any CPU = Debug|Any CPU
		Release|Any CPU = Release|Any CPU
	EndGlobalSection
	GlobalSection(ProjectConfigurationPlatforms) = postSolution
		{E5170EE8-82DF-4FC0-917D-312A4A5B74DA}.Debug|Any CPU.ActiveCfg = Debug|Any CPU
		{E5170EE8-82DF-4FC0-917D-312A4A5B74DA}.Debug|Any CPU.Build.0 = Debug|Any CPU
		{E5170EE8-82DF-4FC0-917D-312A4A5B74DA}.Release|Any CPU.ActiveCfg = Release|Any CPU
		{E5170EE8-82DF-4FC0-917D-312A4A5B74DA}.Release|Any CPU.Build.0 = Release|Any CPU
	EndGlobalSection
	GlobalSection(SolutionProperties) = preSolution
		HideSolutionNode = FALSE
	EndGlobalSection
	GlobalSection(ExtensibilityGlobals) = postSolution
		SolutionGuid = {2157D456-1432-4923-AC92-26E48DF2F107}
	EndGlobalSection
EndGlobal
